// !$*UTF8*$!
{
	archiveVersion = 1;
	classes = {
	};
	objectVersion = 55;
	objects = {

/* Begin PBXBuildFile section */
		207D4DD527BA03F5006E73FF /* main.cpp in Sources */ = {isa = PBXBuildFile; fileRef = 207D4DD427BA03F5006E73FF /* main.cpp */; };
		207D4DDD27BA0507006E73FF /* test.cpp in Sources */ = {isa = PBXBuildFile; fileRef = 207D4DDB27BA0507006E73FF /* test.cpp */; };
		207D4DE627BA0B43006E73FF /* DataTable.cpp in Sources */ = {isa = PBXBuildFile; fileRef = 207D4DE527BA0B43006E73FF /* DataTable.cpp */; };
/* End PBXBuildFile section */

/* Begin PBXCopyFilesBuildPhase section */
		207D4DCF27BA03F5006E73FF /* CopyFiles */ = {
			isa = PBXCopyFilesBuildPhase;
			buildActionMask = 2147483647;
			dstPath = /usr/share/man/man1/;
			dstSubfolderSpec = 0;
			files = (
			);
			runOnlyForDeploymentPostprocessing = 1;
		};
/* End PBXCopyFilesBuildPhase section */

/* Begin PBXFileReference section */
		200329D027BCA7DE00D3BF98 /* Receiver */ = {isa = PBXFileReference; lastKnownFileType = folder; name = Receiver; path = LibsForTest/Receiver; sourceTree = "<group>"; };
		200329D127BCA7DE00D3BF98 /* Emmiter */ = {isa = PBXFileReference; lastKnownFileType = folder; name = Emmiter; path = LibsForTest/Emmiter; sourceTree = "<group>"; };
		207D4DD127BA03F5006E73FF /* DaemonTests */ = {isa = PBXFileReference; explicitFileType = "compiled.mach-o.executable"; includeInIndex = 0; path = DaemonTests; sourceTree = BUILT_PRODUCTS_DIR; };
		207D4DD427BA03F5006E73FF /* main.cpp */ = {isa = PBXFileReference; lastKnownFileType = sourcecode.cpp.cpp; path = main.cpp; sourceTree = "<group>"; };
		207D4DDB27BA0507006E73FF /* test.cpp */ = {isa = PBXFileReference; lastKnownFileType = sourcecode.cpp.cpp; path = test.cpp; sourceTree = "<group>"; };
		207D4DE327BA0B43006E73FF /* DataTable.hpp */ = {isa = PBXFileReference; fileEncoding = 4; lastKnownFileType = sourcecode.cpp.h; path = DataTable.hpp; sourceTree = "<group>"; };
		207D4DE427BA0B43006E73FF /* Packet.h */ = {isa = PBXFileReference; fileEncoding = 4; lastKnownFileType = sourcecode.c.h; path = Packet.h; sourceTree = "<group>"; };
		207D4DE527BA0B43006E73FF /* DataTable.cpp */ = {isa = PBXFileReference; fileEncoding = 4; lastKnownFileType = sourcecode.cpp.cpp; path = DataTable.cpp; sourceTree = "<group>"; };
/* End PBXFileReference section */

/* Begin PBXFrameworksBuildPhase section */
		207D4DCE27BA03F5006E73FF /* Frameworks */ = {
			isa = PBXFrameworksBuildPhase;
			buildActionMask = 2147483647;
			files = (
			);
			runOnlyForDeploymentPostprocessing = 0;
		};
/* End PBXFrameworksBuildPhase section */

/* Begin PBXGroup section */
		207D4DC827BA03F4006E73FF = {
			isa = PBXGroup;
			children = (
				207D4DD327BA03F5006E73FF /* DaemonTests */,
				207D4DD227BA03F5006E73FF /* Products */,
			);
			sourceTree = "<group>";
		};
		207D4DD227BA03F5006E73FF /* Products */ = {
			isa = PBXGroup;
			children = (
				207D4DD127BA03F5006E73FF /* DaemonTests */,
			);
			name = Products;
			sourceTree = "<group>";
		};
		207D4DD327BA03F5006E73FF /* DaemonTests */ = {
			isa = PBXGroup;
			children = (
				200329D127BCA7DE00D3BF98 /* Emmiter */,
				200329D027BCA7DE00D3BF98 /* Receiver */,
				207D4DDE27BA0883006E73FF /* LibsForTest */,
				207D4DD427BA03F5006E73FF /* main.cpp */,
				207D4DDB27BA0507006E73FF /* test.cpp */,
			);
			path = DaemonTests;
			sourceTree = "<group>";
		};
		207D4DDE27BA0883006E73FF /* LibsForTest */ = {
			isa = PBXGroup;
			children = (
				207D4DE527BA0B43006E73FF /* DataTable.cpp */,
				207D4DE327BA0B43006E73FF /* DataTable.hpp */,
				207D4DE427BA0B43006E73FF /* Packet.h */,
			);
			path = LibsForTest;
			sourceTree = "<group>";
		};
/* End PBXGroup section */

/* Begin PBXNativeTarget section */
		207D4DD027BA03F5006E73FF /* DaemonTests */ = {
			isa = PBXNativeTarget;
			buildConfigurationList = 207D4DD827BA03F5006E73FF /* Build configuration list for PBXNativeTarget "DaemonTests" */;
			buildPhases = (
				207D4DCD27BA03F5006E73FF /* Sources */,
				207D4DCE27BA03F5006E73FF /* Frameworks */,
				207D4DCF27BA03F5006E73FF /* CopyFiles */,
			);
			buildRules = (
			);
			dependencies = (
			);
			name = DaemonTests;
			productName = DaemonTests;
			productReference = 207D4DD127BA03F5006E73FF /* DaemonTests */;
			productType = "com.apple.product-type.tool";
		};
/* End PBXNativeTarget section */

/* Begin PBXProject section */
		207D4DC927BA03F4006E73FF /* Project object */ = {
			isa = PBXProject;
			attributes = {
				BuildIndependentTargetsInParallel = 1;
				LastUpgradeCheck = 1320;
				TargetAttributes = {
					207D4DD027BA03F5006E73FF = {
						CreatedOnToolsVersion = 13.2.1;
					};
				};
			};
			buildConfigurationList = 207D4DCC27BA03F4006E73FF /* Build configuration list for PBXProject "DaemonTests" */;
			compatibilityVersion = "Xcode 13.0";
			developmentRegion = en;
			hasScannedForEncodings = 0;
			knownRegions = (
				en,
				Base,
			);
			mainGroup = 207D4DC827BA03F4006E73FF;
			productRefGroup = 207D4DD227BA03F5006E73FF /* Products */;
			projectDirPath = "";
			projectRoot = "";
			targets = (
				207D4DD027BA03F5006E73FF /* DaemonTests */,
			);
		};
/* End PBXProject section */

/* Begin PBXSourcesBuildPhase section */
		207D4DCD27BA03F5006E73FF /* Sources */ = {
			isa = PBXSourcesBuildPhase;
			buildActionMask = 2147483647;
			files = (
				207D4DD527BA03F5006E73FF /* main.cpp in Sources */,
				207D4DE627BA0B43006E73FF /* DataTable.cpp in Sources */,
				207D4DDD27BA0507006E73FF /* test.cpp in Sources */,
			);
			runOnlyForDeploymentPostprocessing = 0;
		};
/* End PBXSourcesBuildPhase section */

/* Begin XCBuildConfiguration section */
		207D4DD627BA03F5006E73FF /* Debug */ = {
			isa = XCBuildConfiguration;
			buildSettings = {
				ALWAYS_SEARCH_USER_PATHS = NO;
				CLANG_ANALYZER_NONNULL = YES;
				CLANG_ANALYZER_NUMBER_OBJECT_CONVERSION = YES_AGGRESSIVE;
				CLANG_CXX_LANGUAGE_STANDARD = "gnu++17";
				CLANG_CXX_LIBRARY = "libc++";
				CLANG_ENABLE_MODULES = YES;
				CLANG_ENABLE_OBJC_ARC = YES;
				CLANG_ENABLE_OBJC_WEAK = YES;
				CLANG_WARN_BLOCK_CAPTURE_AUTORELEASING = YES;
				CLANG_WARN_BOOL_CONVERSION = YES;
				CLANG_WARN_COMMA = YES;
				CLANG_WARN_CONSTANT_CONVERSION = YES;
				CLANG_WARN_DEPRECATED_OBJC_IMPLEMENTATIONS = YES;
				CLANG_WARN_DIRECT_OBJC_ISA_USAGE = YES_ERROR;
				CLANG_WARN_DOCUMENTATION_COMMENTS = YES;
				CLANG_WARN_EMPTY_BODY = YES;
				CLANG_WARN_ENUM_CONVERSION = YES;
				CLANG_WARN_INFINITE_RECURSION = YES;
				CLANG_WARN_INT_CONVERSION = YES;
				CLANG_WARN_NON_LITERAL_NULL_CONVERSION = YES;
				CLANG_WARN_OBJC_IMPLICIT_RETAIN_SELF = YES;
				CLANG_WARN_OBJC_LITERAL_CONVERSION = YES;
				CLANG_WARN_OBJC_ROOT_CLASS = YES_ERROR;
				CLANG_WARN_QUOTED_INCLUDE_IN_FRAMEWORK_HEADER = YES;
				CLANG_WARN_RANGE_LOOP_ANALYSIS = YES;
				CLANG_WARN_STRICT_PROTOTYPES = YES;
				CLANG_WARN_SUSPICIOUS_MOVE = YES;
				CLANG_WARN_UNGUARDED_AVAILABILITY = YES_AGGRESSIVE;
				CLANG_WARN_UNREACHABLE_CODE = YES;
				CLANG_WARN__DUPLICATE_METHOD_MATCH = YES;
				COPY_PHASE_STRIP = NO;
				DEBUG_INFORMATION_FORMAT = dwarf;
				ENABLE_STRICT_OBJC_MSGSEND = YES;
				ENABLE_TESTABILITY = YES;
				GCC_C_LANGUAGE_STANDARD = gnu11;
				GCC_DYNAMIC_NO_PIC = NO;
				GCC_NO_COMMON_BLOCKS = YES;
				GCC_OPTIMIZATION_LEVEL = 0;
				GCC_PREPROCESSOR_DEFINITIONS = (
					"DEBUG=1",
					"$(inherited)",
				);
				GCC_WARN_64_TO_32_BIT_CONVERSION = YES;
				GCC_WARN_ABOUT_RETURN_TYPE = YES_ERROR;
				GCC_WARN_UNDECLARED_SELECTOR = YES;
				GCC_WARN_UNINITIALIZED_AUTOS = YES_AGGRESSIVE;
				GCC_WARN_UNUSED_FUNCTION = YES;
				GCC_WARN_UNUSED_VARIABLE = YES;
				MACOSX_DEPLOYMENT_TARGET = 11.6;
				MTL_ENABLE_DEBUG_INFO = INCLUDE_SOURCE;
				MTL_FAST_MATH = YES;
				ONLY_ACTIVE_ARCH = YES;
				SDKROOT = macosx;
			};
			name = Debug;
		};
		207D4DD727BA03F5006E73FF /* Release */ = {
			isa = XCBuildConfiguration;
			buildSettings = {
				ALWAYS_SEARCH_USER_PATHS = NO;
				CLANG_ANALYZER_NONNULL = YES;
				CLANG_ANALYZER_NUMBER_OBJECT_CONVERSION = YES_AGGRESSIVE;
				CLANG_CXX_LANGUAGE_STANDARD = "gnu++17";
				CLANG_CXX_LIBRARY = "libc++";
				CLANG_ENABLE_MODULES = YES;
				CLANG_ENABLE_OBJC_ARC = YES;
				CLANG_ENABLE_OBJC_WEAK = YES;
				CLANG_WARN_BLOCK_CAPTURE_AUTORELEASING = YES;
				CLANG_WARN_BOOL_CONVERSION = YES;
				CLANG_WARN_COMMA = YES;
				CLANG_WARN_CONSTANT_CONVERSION = YES;
				CLANG_WARN_DEPRECATED_OBJC_IMPLEMENTATIONS = YES;
				CLANG_WARN_DIRECT_OBJC_ISA_USAGE = YES_ERROR;
				CLANG_WARN_DOCUMENTATION_COMMENTS = YES;
				CLANG_WARN_EMPTY_BODY = YES;
				CLANG_WARN_ENUM_CONVERSION = YES;
				CLANG_WARN_INFINITE_RECURSION = YES;
				CLANG_WARN_INT_CONVERSION = YES;
				CLANG_WARN_NON_LITERAL_NULL_CONVERSION = YES;
				CLANG_WARN_OBJC_IMPLICIT_RETAIN_SELF = YES;
				CLANG_WARN_OBJC_LITERAL_CONVERSION = YES;
				CLANG_WARN_OBJC_ROOT_CLASS = YES_ERROR;
				CLANG_WARN_QUOTED_INCLUDE_IN_FRAMEWORK_HEADER = YES;
				CLANG_WARN_RANGE_LOOP_ANALYSIS = YES;
				CLANG_WARN_STRICT_PROTOTYPES = YES;
				CLANG_WARN_SUSPICIOUS_MOVE = YES;
				CLANG_WARN_UNGUARDED_AVAILABILITY = YES_AGGRESSIVE;
				CLANG_WARN_UNREACHABLE_CODE = YES;
				CLANG_WARN__DUPLICATE_METHOD_MATCH = YES;
				COPY_PHASE_STRIP = NO;
				DEBUG_INFORMATION_FORMAT = "dwarf-with-dsym";
				ENABLE_NS_ASSERTIONS = NO;
				ENABLE_STRICT_OBJC_MSGSEND = YES;
				GCC_C_LANGUAGE_STANDARD = gnu11;
				GCC_NO_COMMON_BLOCKS = YES;
				GCC_WARN_64_TO_32_BIT_CONVERSION = YES;
				GCC_WARN_ABOUT_RETURN_TYPE = YES_ERROR;
				GCC_WARN_UNDECLARED_SELECTOR = YES;
				GCC_WARN_UNINITIALIZED_AUTOS = YES_AGGRESSIVE;
				GCC_WARN_UNUSED_FUNCTION = YES;
				GCC_WARN_UNUSED_VARIABLE = YES;
				MACOSX_DEPLOYMENT_TARGET = 11.6;
				MTL_ENABLE_DEBUG_INFO = NO;
				MTL_FAST_MATH = YES;
				SDKROOT = macosx;
			};
			name = Release;
		};
		207D4DD927BA03F5006E73FF /* Debug */ = {
			isa = XCBuildConfiguration;
			buildSettings = {
				CODE_SIGN_STYLE = Automatic;
				DEVELOPMENT_TEAM = FS3U4D93XV;
				ENABLE_HARDENED_RUNTIME = YES;
				HEADER_SEARCH_PATHS = /usr/local/include/;
				LIBRARY_SEARCH_PATHS = /usr/local/lib;
				OTHER_LDFLAGS = (
					"-l",
					gtest,
				);
				PRODUCT_NAME = "$(TARGET_NAME)";
			};
			name = Debug;
		};
		207D4DDA27BA03F5006E73FF /* Release */ = {
			isa = XCBuildConfiguration;
			buildSettings = {
				CODE_SIGN_STYLE = Automatic;
				DEVELOPMENT_TEAM = FS3U4D93XV;
				ENABLE_HARDENED_RUNTIME = YES;
				HEADER_SEARCH_PATHS = /usr/local/include/;
				LIBRARY_SEARCH_PATHS = /usr/local/lib;
				OTHER_LDFLAGS = (
					"-l",
					gtest,
				);
				PRODUCT_NAME = "$(TARGET_NAME)";
			};
			name = Release;
		};
/* End XCBuildConfiguration section */

/* Begin XCConfigurationList section */
		207D4DCC27BA03F4006E73FF /* Build configuration list for PBXProject "DaemonTests" */ = {
			isa = XCConfigurationList;
			buildConfigurations = (
				207D4DD627BA03F5006E73FF /* Debug */,
				207D4DD727BA03F5006E73FF /* Release */,
			);
			defaultConfigurationIsVisible = 0;
			defaultConfigurationName = Release;
		};
		207D4DD827BA03F5006E73FF /* Build configuration list for PBXNativeTarget "DaemonTests" */ = {
			isa = XCConfigurationList;
			buildConfigurations = (
				207D4DD927BA03F5006E73FF /* Debug */,
				207D4DDA27BA03F5006E73FF /* Release */,
			);
			defaultConfigurationIsVisible = 0;
			defaultConfigurationName = Release;
		};
/* End XCConfigurationList section */
	};
	rootObject = 207D4DC927BA03F4006E73FF /* Project object */;
}
